# This file is automatically @generated by Cargo.
# It is not intended for manual editing.
version = 4

[[package]]
name = "arca"
version = "0.0.0"
dependencies = [
 "arca-core",
 "arca-filter",
]

[[package]]
name = "arca-cli"
version = "0.0.0"
dependencies = [
 "arca",
]

[[package]]
name = "arca-core"
version = "0.0.0"

[[package]]
name = "arca-filter"
version = "0.0.0"
dependencies = [
 "arca-core",
]
